
Microsoft Visual Studio Solution File, Format Version 12.00
# Visual Studio 15
VisualStudioVersion = 15.0.28307.902
MinimumVisualStudioVersion = 10.0.40219.1
Project("{FAE04EC0-301F-11D3-BF4B-00C04F79EFBC}") = "Labor25", "Labor25\Labor25.csproj", "{51E44898-1E5A-4E2F-AB2F-FBED3BE9B284}"
EndProject
Global
	GlobalSection(SolutionConfigurationPlatforms) = preSolution
		Debug|Any CPU = Debug|Any CPU
		Release|Any CPU = Release|Any CPU
	EndGlobalSection
	GlobalSection(ProjectConfigurationPlatforms) = postSolution
		{51E44898-1E5A-4E2F-AB2F-FBED3BE9B284}.Debug|Any CPU.ActiveCfg = Debug|Any CPU
		{51E44898-1E5A-4E2F-AB2F-FBED3BE9B284}.Debug|Any CPU.Build.0 = Debug|Any CPU
		{51E44898-1E5A-4E2F-AB2F-FBED3BE9B284}.Release|Any CPU.ActiveCfg = Release|Any CPU
		{51E44898-1E5A-4E2F-AB2F-FBED3BE9B284}.Release|Any CPU.Build.0 = Release|Any CPU
	EndGlobalSection
	GlobalSection(SolutionProperties) = preSolution
		HideSolutionNode = FALSE
	EndGlobalSection
	GlobalSection(ExtensibilityGlobals) = postSolution
		SolutionGuid = {EF4626AF-CC3B-4A86-9940-4D54CB0D5BFE}
	EndGlobalSection
EndGlobal
